# This file is automatically @generated by Poetry and should not be changed by hand.

[[package]]
name = "blahblah"
version = "1.5.0"
description = "Fake data generator for district42 schema"
category = "main"
optional = false
python-versions = ">=3.8"
files = [
    {file = "blahblah-1.5.0-py3-none-any.whl", hash = "sha256:9ecabcd18a855a0f1ab4fe76877813f21ad45b755982202af8ddf11a1911c3eb"},
    {file = "blahblah-1.5.0.tar.gz", hash = "sha256:b497219e17b29c63a22fc3a0d747e46b70c690f9ac7ce3a9fb28ef0506de2cad"},
]

[package.dependencies]
district42 = ">=1.5.0,<1.6"
niltype = ">=0.3,<1.0"

[[package]]
name = "bump2version"
version = "1.0.1"
description = "Version-bump your software with a single command!"
category = "dev"
optional = false
python-versions = ">=3.5"
files = [
    {file = "bump2version-1.0.1-py2.py3-none-any.whl", hash = "sha256:37f927ea17cde7ae2d7baf832f8e80ce3777624554a653006c9144f8017fe410"},
    {file = "bump2version-1.0.1.tar.gz", hash = "sha256:762cb2bfad61f4ec8e2bdf452c7c267416f8c70dd9ecb1653fd0bbb01fa936e6"},
]

[[package]]
name = "district42"
version = "1.5.1"
description = "Data description language for defining data models"
category = "main"
optional = false
python-versions = ">=3.8"
files = [
    {file = "district42-1.5.1-py3-none-any.whl", hash = "sha256:aef3d6770d8cb17a8cc95fcebe6a68fb6bef0c03ab104e91580b11191bba791c"},
    {file = "district42-1.5.1.tar.gz", hash = "sha256:43a8d3c89a4909555b019c1b14d31eb8ff7b884b5651c62e0a2a484cdd9cef27"},
]

[package.dependencies]
niltype = ">=0.3,<1.0"

[[package]]
name = "isort"
version = "5.12.0"
description = "A Python utility / library to sort Python imports."
category = "dev"
optional = false
python-versions = ">=3.8.0"
files = [
    {file = "isort-5.12.0-py3-none-any.whl", hash = "sha256:f84c2818376e66cf843d497486ea8fed8700b340f308f076c6fb1229dff318b6"},
    {file = "isort-5.12.0.tar.gz", hash = "sha256:8bef7dde241278824a6d83f44a544709b065191b95b6e50894bdc722fcba0504"},
]

[package.extras]
colors = ["colorama (>=0.4.3)"]
pipfile-deprecated-finder = ["pip-shims (>=0.5.2)", "pipreqs", "requirementslib"]
plugins = ["setuptools"]
requirements-deprecated-finder = ["pip-api", "pipreqs"]

[[package]]
name = "niltype"
version = "0.3.3"
description = "Like a None"
category = "main"
optional = false
python-versions = ">=3.7"
files = [
    {file = "niltype-0.3.3-py3-none-any.whl", hash = "sha256:b83a3202fd461c0565fe66541cf45dc5e15ccca2b934ddf40c2f80ac00ac17fc"},
    {file = "niltype-0.3.3.tar.gz", hash = "sha256:2518a8971e225e510e1696c373b38bbdb43281a548b33b728452464f6b296179"},
]

[[package]]
name = "revolt"
version = "1.5.1"
description = "Value substitutor for district42 schema"
category = "main"
optional = false
python-versions = ">=3.8"
files = [
    {file = "revolt-1.5.1-py3-none-any.whl", hash = "sha256:d4b1cb3e03ce38f8e9c4522b5aa64abb89f81f962e2ad63afeb394eded369820"},
    {file = "revolt-1.5.1.tar.gz", hash = "sha256:813381e8dbccaaf39b0fa29b3c622eb9141d197acf905b80e07b4478217b7cde"},
]

[package.dependencies]
district42 = ">=1.5.0,<1.6"
niltype = ">=0.3,<1.0"
valera = ">=1.5.0,<1.6"

[[package]]
name = "th"
version = "0.3.2"
description = "Safely accessing deeply nested values"
category = "main"
optional = false
python-versions = ">=3.7"
files = [
    {file = "th-0.3.2-py3-none-any.whl", hash = "sha256:a5f9b73d7d4e8c651728aa9a06a61c750473224724b737d47490235daba09ce6"},
    {file = "th-0.3.2.tar.gz", hash = "sha256:d11337f5c6ae790c25a1baef6f233cd3967777cf544706468346c5a8ad55e661"},
]

[package.dependencies]
niltype = ">=0.3,<1.0"

[[package]]
name = "valera"
version = "1.5.0"
description = "Validator for district42 schema"
category = "main"
optional = false
python-versions = ">=3.8"
files = [
    {file = "valera-1.5.0-py3-none-any.whl", hash = "sha256:2bfec6cfaa740a18ac0c89323bb47dbd967f4480566a98697fc104b9117c239e"},
    {file = "valera-1.5.0.tar.gz", hash = "sha256:3b0fafc3a850c76fe7438ca5e06870722366a13bbbfbfeb6a1860f7be1c46cb2"},
]

[package.dependencies]
district42 = ">=1.5.0,<1.6"
niltype = ">=0.3,<1.0"
th = ">=0.3,<1.0"

[metadata]
lock-version = "2.0"
python-versions = "^3.8"
content-hash = "a3805789c88a3798aad4e0f32529ae733bf889a86785ecbb58e7df31850039cf"
